
Microsoft Visual Studio Solution File, Format Version 12.00
# Visual Studio Version 17
VisualStudioVersion = 17.14.36623.8 d17.14
MinimumVisualStudioVersion = 10.0.40219.1
Project("{FAE04EC0-301F-11D3-BF4B-00C04F79EFBC}") = "Antlr4-Sql", "Antlr4-Sql.csproj", "{0B7F6C9A-7664-4DC6-AB07-FA89486D9482}"
EndProject
Global
	GlobalSection(SolutionConfigurationPlatforms) = preSolution
		Debug|Any CPU = Debug|Any CPU
		Release|Any CPU = Release|Any CPU
	EndGlobalSection
	GlobalSection(ProjectConfigurationPlatforms) = postSolution
		{0B7F6C9A-7664-4DC6-AB07-FA89486D9482}.Debug|Any CPU.ActiveCfg = Debug|Any CPU
		{0B7F6C9A-7664-4DC6-AB07-FA89486D9482}.Debug|Any CPU.Build.0 = Debug|Any CPU
		{0B7F6C9A-7664-4DC6-AB07-FA89486D9482}.Release|Any CPU.ActiveCfg = Release|Any CPU
		{0B7F6C9A-7664-4DC6-AB07-FA89486D9482}.Release|Any CPU.Build.0 = Release|Any CPU
	EndGlobalSection
	GlobalSection(SolutionProperties) = preSolution
		HideSolutionNode = FALSE
	EndGlobalSection
	GlobalSection(ExtensibilityGlobals) = postSolution
		SolutionGuid = {57AE2049-F10F-4259-8B49-D2D912B77C98}
	EndGlobalSection
EndGlobal
